
Microsoft Visual Studio Solution File, Format Version 12.00
# Visual Studio Version 17
VisualStudioVersion = 17.10.34928.147
MinimumVisualStudioVersion = 10.0.40219.1
Project("{FAE04EC0-301F-11D3-BF4B-00C04F79EFBC}") = "Cesitli_Islemler", "Cesitli_Islemler\Cesitli_Islemler.csproj", "{D6A7D281-EC73-4166-A949-D1FC814C7561}"
EndProject
Global
	GlobalSection(SolutionConfigurationPlatforms) = preSolution
		Debug|Any CPU = Debug|Any CPU
		Release|Any CPU = Release|Any CPU
	EndGlobalSection
	GlobalSection(ProjectConfigurationPlatforms) = postSolution
		{D6A7D281-EC73-4166-A949-D1FC814C7561}.Debug|Any CPU.ActiveCfg = Debug|Any CPU
		{D6A7D281-EC73-4166-A949-D1FC814C7561}.Debug|Any CPU.Build.0 = Debug|Any CPU
		{D6A7D281-EC73-4166-A949-D1FC814C7561}.Release|Any CPU.ActiveCfg = Release|Any CPU
		{D6A7D281-EC73-4166-A949-D1FC814C7561}.Release|Any CPU.Build.0 = Release|Any CPU
	EndGlobalSection
	GlobalSection(SolutionProperties) = preSolution
		HideSolutionNode = FALSE
	EndGlobalSection
	GlobalSection(ExtensibilityGlobals) = postSolution
		SolutionGuid = {637DD3C4-CAB3-46E8-AB9D-B3F547B3AC68}
	EndGlobalSection
EndGlobal
